
Microsoft Visual Studio Solution File, Format Version 12.00
# Visual Studio Version 16
VisualStudioVersion = 16.0.31624.102
MinimumVisualStudioVersion = 10.0.40219.1
Project("{FAE04EC0-301F-11D3-BF4B-00C04F79EFBC}") = "GardenGroupUI", "GardenGroupUI\GardenGroupUI.csproj", "{C6753772-9573-40BB-B5AF-DA6C9B52B7E8}"
EndProject
Project("{FAE04EC0-301F-11D3-BF4B-00C04F79EFBC}") = "GardenGroupDAO", "GardenGroupDAO\GardenGroupDAO.csproj", "{B2624E97-70DD-41C6-ADAB-ACB0FDB7693E}"
EndProject
Project("{FAE04EC0-301F-11D3-BF4B-00C04F79EFBC}") = "GardenGroupLogic", "GardenGroupLogic\GardenGroupLogic.csproj", "{5804044F-82F2-4BD0-823F-DBAADF9021F9}"
EndProject
Project("{FAE04EC0-301F-11D3-BF4B-00C04F79EFBC}") = "GardenGroupModel", "GardenGroupModel\GardenGroupModel.csproj", "{65E86B0E-8B37-44A5-BEC3-BE775DFBD97D}"
EndProject
Global
	GlobalSection(SolutionConfigurationPlatforms) = preSolution
		Debug|Any CPU = Debug|Any CPU
		Release|Any CPU = Release|Any CPU
	EndGlobalSection
	GlobalSection(ProjectConfigurationPlatforms) = postSolution
		{C6753772-9573-40BB-B5AF-DA6C9B52B7E8}.Debug|Any CPU.ActiveCfg = Debug|Any CPU
		{C6753772-9573-40BB-B5AF-DA6C9B52B7E8}.Debug|Any CPU.Build.0 = Debug|Any CPU
		{C6753772-9573-40BB-B5AF-DA6C9B52B7E8}.Release|Any CPU.ActiveCfg = Release|Any CPU
		{C6753772-9573-40BB-B5AF-DA6C9B52B7E8}.Release|Any CPU.Build.0 = Release|Any CPU
		{B2624E97-70DD-41C6-ADAB-ACB0FDB7693E}.Debug|Any CPU.ActiveCfg = Debug|Any CPU
		{B2624E97-70DD-41C6-ADAB-ACB0FDB7693E}.Debug|Any CPU.Build.0 = Debug|Any CPU
		{B2624E97-70DD-41C6-ADAB-ACB0FDB7693E}.Release|Any CPU.ActiveCfg = Release|Any CPU
		{B2624E97-70DD-41C6-ADAB-ACB0FDB7693E}.Release|Any CPU.Build.0 = Release|Any CPU
		{5804044F-82F2-4BD0-823F-DBAADF9021F9}.Debug|Any CPU.ActiveCfg = Debug|Any CPU
		{5804044F-82F2-4BD0-823F-DBAADF9021F9}.Debug|Any CPU.Build.0 = Debug|Any CPU
		{5804044F-82F2-4BD0-823F-DBAADF9021F9}.Release|Any CPU.ActiveCfg = Release|Any CPU
		{5804044F-82F2-4BD0-823F-DBAADF9021F9}.Release|Any CPU.Build.0 = Release|Any CPU
		{65E86B0E-8B37-44A5-BEC3-BE775DFBD97D}.Debug|Any CPU.ActiveCfg = Debug|Any CPU
		{65E86B0E-8B37-44A5-BEC3-BE775DFBD97D}.Debug|Any CPU.Build.0 = Debug|Any CPU
		{65E86B0E-8B37-44A5-BEC3-BE775DFBD97D}.Release|Any CPU.ActiveCfg = Release|Any CPU
		{65E86B0E-8B37-44A5-BEC3-BE775DFBD97D}.Release|Any CPU.Build.0 = Release|Any CPU
	EndGlobalSection
	GlobalSection(SolutionProperties) = preSolution
		HideSolutionNode = FALSE
	EndGlobalSection
	GlobalSection(ExtensibilityGlobals) = postSolution
		SolutionGuid = {461269FE-257A-4E15-AB8A-B520D645909D}
	EndGlobalSection
EndGlobal
